
Microsoft Visual Studio Solution File, Format Version 12.00
# Visual Studio Version 17
VisualStudioVersion = 17.12.35527.113 d17.12
MinimumVisualStudioVersion = 10.0.40219.1
Project("{FAE04EC0-301F-11D3-BF4B-00C04F79EFBC}") = "prog1-kalkylator", "prog1-kalkylator\prog1-kalkylator.csproj", "{80F004FF-03D5-4AB0-A4D6-2EFF7F3A2ADF}"
EndProject
Global
	GlobalSection(SolutionConfigurationPlatforms) = preSolution
		Debug|Any CPU = Debug|Any CPU
		Release|Any CPU = Release|Any CPU
	EndGlobalSection
	GlobalSection(ProjectConfigurationPlatforms) = postSolution
		{80F004FF-03D5-4AB0-A4D6-2EFF7F3A2ADF}.Debug|Any CPU.ActiveCfg = Debug|Any CPU
		{80F004FF-03D5-4AB0-A4D6-2EFF7F3A2ADF}.Debug|Any CPU.Build.0 = Debug|Any CPU
		{80F004FF-03D5-4AB0-A4D6-2EFF7F3A2ADF}.Release|Any CPU.ActiveCfg = Release|Any CPU
		{80F004FF-03D5-4AB0-A4D6-2EFF7F3A2ADF}.Release|Any CPU.Build.0 = Release|Any CPU
	EndGlobalSection
	GlobalSection(SolutionProperties) = preSolution
		HideSolutionNode = FALSE
	EndGlobalSection
EndGlobal
